
Microsoft Visual Studio Solution File, Format Version 12.00
# Visual Studio Version 17
VisualStudioVersion = 17.5.33516.290
MinimumVisualStudioVersion = 10.0.40219.1
Project("{9A19103F-16F7-4668-BE54-9A1E7A4F7556}") = "JobListingsWeb", "JobListings\JobListingsWeb.csproj", "{5B810F5B-F043-4B99-A29C-99596AD0E5A9}"
EndProject
Project("{9A19103F-16F7-4668-BE54-9A1E7A4F7556}") = "JobListingsDAL", "JobListingsDAL\JobListingsDAL.csproj", "{64461333-9AC3-407A-9EB3-8663155C6C33}"
EndProject
Project("{9A19103F-16F7-4668-BE54-9A1E7A4F7556}") = "JobListingsBusiness", "JobListingsBusiness\JobListingsBusiness.csproj", "{B7F423EF-4FDA-4BD9-8607-351D95C0B7BD}"
EndProject
Project("{FAE04EC0-301F-11D3-BF4B-00C04F79EFBC}") = "JobListingsShared", "JobListingsShared\JobListingsShared.csproj", "{EF82EACE-E9B3-444C-9507-72ED0FD65279}"
EndProject
Global
	GlobalSection(SolutionConfigurationPlatforms) = preSolution
		Debug|Any CPU = Debug|Any CPU
		Release|Any CPU = Release|Any CPU
	EndGlobalSection
	GlobalSection(ProjectConfigurationPlatforms) = postSolution
		{5B810F5B-F043-4B99-A29C-99596AD0E5A9}.Debug|Any CPU.ActiveCfg = Debug|Any CPU
		{5B810F5B-F043-4B99-A29C-99596AD0E5A9}.Debug|Any CPU.Build.0 = Debug|Any CPU
		{5B810F5B-F043-4B99-A29C-99596AD0E5A9}.Release|Any CPU.ActiveCfg = Release|Any CPU
		{5B810F5B-F043-4B99-A29C-99596AD0E5A9}.Release|Any CPU.Build.0 = Release|Any CPU
		{64461333-9AC3-407A-9EB3-8663155C6C33}.Debug|Any CPU.ActiveCfg = Debug|Any CPU
		{64461333-9AC3-407A-9EB3-8663155C6C33}.Debug|Any CPU.Build.0 = Debug|Any CPU
		{64461333-9AC3-407A-9EB3-8663155C6C33}.Release|Any CPU.ActiveCfg = Release|Any CPU
		{64461333-9AC3-407A-9EB3-8663155C6C33}.Release|Any CPU.Build.0 = Release|Any CPU
		{B7F423EF-4FDA-4BD9-8607-351D95C0B7BD}.Debug|Any CPU.ActiveCfg = Debug|Any CPU
		{B7F423EF-4FDA-4BD9-8607-351D95C0B7BD}.Debug|Any CPU.Build.0 = Debug|Any CPU
		{B7F423EF-4FDA-4BD9-8607-351D95C0B7BD}.Release|Any CPU.ActiveCfg = Release|Any CPU
		{B7F423EF-4FDA-4BD9-8607-351D95C0B7BD}.Release|Any CPU.Build.0 = Release|Any CPU
		{EF82EACE-E9B3-444C-9507-72ED0FD65279}.Debug|Any CPU.ActiveCfg = Debug|Any CPU
		{EF82EACE-E9B3-444C-9507-72ED0FD65279}.Debug|Any CPU.Build.0 = Debug|Any CPU
		{EF82EACE-E9B3-444C-9507-72ED0FD65279}.Release|Any CPU.ActiveCfg = Release|Any CPU
		{EF82EACE-E9B3-444C-9507-72ED0FD65279}.Release|Any CPU.Build.0 = Release|Any CPU
	EndGlobalSection
	GlobalSection(SolutionProperties) = preSolution
		HideSolutionNode = FALSE
	EndGlobalSection
	GlobalSection(ExtensibilityGlobals) = postSolution
		SolutionGuid = {A0FE146C-67E8-4436-BA57-76D03B2B57CE}
	EndGlobalSection
EndGlobal
